
Microsoft Visual Studio Solution File, Format Version 12.00
# Visual Studio Version 17
VisualStudioVersion = 17.7.34031.279
MinimumVisualStudioVersion = 10.0.40219.1
Project("{FAE04EC0-301F-11D3-BF4B-00C04F79EFBC}") = "Task10_10_23", "Task10_10_23\Task10_10_23.csproj", "{9BA88796-3FEB-485A-8C4C-5146675DBD0E}"
EndProject
Global
	GlobalSection(SolutionConfigurationPlatforms) = preSolution
		Debug|Any CPU = Debug|Any CPU
		Release|Any CPU = Release|Any CPU
	EndGlobalSection
	GlobalSection(ProjectConfigurationPlatforms) = postSolution
		{9BA88796-3FEB-485A-8C4C-5146675DBD0E}.Debug|Any CPU.ActiveCfg = Debug|Any CPU
		{9BA88796-3FEB-485A-8C4C-5146675DBD0E}.Debug|Any CPU.Build.0 = Debug|Any CPU
		{9BA88796-3FEB-485A-8C4C-5146675DBD0E}.Release|Any CPU.ActiveCfg = Release|Any CPU
		{9BA88796-3FEB-485A-8C4C-5146675DBD0E}.Release|Any CPU.Build.0 = Release|Any CPU
	EndGlobalSection
	GlobalSection(SolutionProperties) = preSolution
		HideSolutionNode = FALSE
	EndGlobalSection
	GlobalSection(ExtensibilityGlobals) = postSolution
		SolutionGuid = {94A016CC-9910-41FA-87C2-32B3FC629E27}
	EndGlobalSection
EndGlobal
